
Microsoft Visual Studio Solution File, Format Version 12.00
# Visual Studio Version 17
VisualStudioVersion = 17.7.34221.43
MinimumVisualStudioVersion = 10.0.40219.1
Project("{FAE04EC0-301F-11D3-BF4B-00C04F79EFBC}") = "RedisStreamsConsumerGroup", "RedisStreamsConsumerGroup.csproj", "{63D04A0C-23D0-4F80-B7B5-44957D02202E}"
EndProject
Global
	GlobalSection(SolutionConfigurationPlatforms) = preSolution
		Debug|Any CPU = Debug|Any CPU
		Release|Any CPU = Release|Any CPU
	EndGlobalSection
	GlobalSection(ProjectConfigurationPlatforms) = postSolution
		{63D04A0C-23D0-4F80-B7B5-44957D02202E}.Debug|Any CPU.ActiveCfg = Debug|Any CPU
		{63D04A0C-23D0-4F80-B7B5-44957D02202E}.Debug|Any CPU.Build.0 = Debug|Any CPU
		{63D04A0C-23D0-4F80-B7B5-44957D02202E}.Release|Any CPU.ActiveCfg = Release|Any CPU
		{63D04A0C-23D0-4F80-B7B5-44957D02202E}.Release|Any CPU.Build.0 = Release|Any CPU
	EndGlobalSection
	GlobalSection(SolutionProperties) = preSolution
		HideSolutionNode = FALSE
	EndGlobalSection
	GlobalSection(ExtensibilityGlobals) = postSolution
		SolutionGuid = {580510B5-69BA-4B7E-B77D-AD67AF000CE1}
	EndGlobalSection
EndGlobal
